
Microsoft Visual Studio Solution File, Format Version 12.00
# Visual Studio Version 17
VisualStudioVersion = 17.8.34330.188
MinimumVisualStudioVersion = 10.0.40219.1
Project("{FAE04EC0-301F-11D3-BF4B-00C04F79EFBC}") = "SpanTechnologyTask", "SpanTechnologyTask.csproj", "{BC99CE0C-668D-4B9E-84F9-4075024A0F7B}"
EndProject
Project("{FAE04EC0-301F-11D3-BF4B-00C04F79EFBC}") = "Service", "..\Service\Service.csproj", "{8088EDDB-0525-40F3-A312-D400AF793DE6}"
EndProject
Project("{FAE04EC0-301F-11D3-BF4B-00C04F79EFBC}") = "Data", "..\Data\Data.csproj", "{3288D468-3D08-412A-A8B9-89FAF2447B80}"
EndProject
Global
	GlobalSection(SolutionConfigurationPlatforms) = preSolution
		Debug|Any CPU = Debug|Any CPU
		Release|Any CPU = Release|Any CPU
	EndGlobalSection
	GlobalSection(ProjectConfigurationPlatforms) = postSolution
		{BC99CE0C-668D-4B9E-84F9-4075024A0F7B}.Debug|Any CPU.ActiveCfg = Debug|Any CPU
		{BC99CE0C-668D-4B9E-84F9-4075024A0F7B}.Debug|Any CPU.Build.0 = Debug|Any CPU
		{BC99CE0C-668D-4B9E-84F9-4075024A0F7B}.Release|Any CPU.ActiveCfg = Release|Any CPU
		{BC99CE0C-668D-4B9E-84F9-4075024A0F7B}.Release|Any CPU.Build.0 = Release|Any CPU
		{8088EDDB-0525-40F3-A312-D400AF793DE6}.Debug|Any CPU.ActiveCfg = Debug|Any CPU
		{8088EDDB-0525-40F3-A312-D400AF793DE6}.Debug|Any CPU.Build.0 = Debug|Any CPU
		{8088EDDB-0525-40F3-A312-D400AF793DE6}.Release|Any CPU.ActiveCfg = Release|Any CPU
		{8088EDDB-0525-40F3-A312-D400AF793DE6}.Release|Any CPU.Build.0 = Release|Any CPU
		{3288D468-3D08-412A-A8B9-89FAF2447B80}.Debug|Any CPU.ActiveCfg = Debug|Any CPU
		{3288D468-3D08-412A-A8B9-89FAF2447B80}.Debug|Any CPU.Build.0 = Debug|Any CPU
		{3288D468-3D08-412A-A8B9-89FAF2447B80}.Release|Any CPU.ActiveCfg = Release|Any CPU
		{3288D468-3D08-412A-A8B9-89FAF2447B80}.Release|Any CPU.Build.0 = Release|Any CPU
	EndGlobalSection
	GlobalSection(SolutionProperties) = preSolution
		HideSolutionNode = FALSE
	EndGlobalSection
	GlobalSection(ExtensibilityGlobals) = postSolution
		SolutionGuid = {C3436F7E-1660-4B90-BC22-B5CEB6F09E76}
	EndGlobalSection
EndGlobal
